// !$*UTF8*$!
{
	archiveVersion = 1;
	classes = {
	};
	objectVersion = 56;
	objects = {

/* Begin PBXBuildFile section */
		4659F3422D386572006D49F2 /* AppDelegate.swift in Sources */ = {isa = PBXBuildFile; fileRef = 4659F3412D386572006D49F2 /* AppDelegate.swift */; };
		4659F3442D386572006D49F2 /* SceneDelegate.swift in Sources */ = {isa = PBXBuildFile; fileRef = 4659F3432D386572006D49F2 /* SceneDelegate.swift */; };
		4659F3462D386572006D49F2 /* ViewController.swift in Sources */ = {isa = PBXBuildFile; fileRef = 4659F3452D386572006D49F2 /* ViewController.swift */; };
		4659F34B2D386574006D49F2 /* Assets.xcassets in Resources */ = {isa = PBXBuildFile; fileRef = 4659F34A2D386574006D49F2 /* Assets.xcassets */; };
		4659F34E2D386574006D49F2 /* Base in Resources */ = {isa = PBXBuildFile; fileRef = 4659F34D2D386574006D49F2 /* Base */; };
		4659F3592D386575006D49F2 /* CountryAppTests.swift in Sources */ = {isa = PBXBuildFile; fileRef = 4659F3582D386575006D49F2 /* CountryAppTests.swift */; };
		4659F3632D386575006D49F2 /* CountryAppUITests.swift in Sources */ = {isa = PBXBuildFile; fileRef = 4659F3622D386575006D49F2 /* CountryAppUITests.swift */; };
		4659F3652D386575006D49F2 /* CountryAppUITestsLaunchTests.swift in Sources */ = {isa = PBXBuildFile; fileRef = 4659F3642D386575006D49F2 /* CountryAppUITestsLaunchTests.swift */; };
		4659F3722D38660D006D49F2 /* Country.swift in Sources */ = {isa = PBXBuildFile; fileRef = 4659F3712D38660D006D49F2 /* Country.swift */; };
		4659F3742D386829006D49F2 /* CountryDetail.swift in Sources */ = {isa = PBXBuildFile; fileRef = 4659F3732D386829006D49F2 /* CountryDetail.swift */; };
		4659F3762D386A9C006D49F2 /* LoadingView.swift in Sources */ = {isa = PBXBuildFile; fileRef = 4659F3752D386A9C006D49F2 /* LoadingView.swift */; };
		4659F3792D386AEF006D49F2 /* UIViewController+Extension.swift in Sources */ = {isa = PBXBuildFile; fileRef = 4659F3782D386AEF006D49F2 /* UIViewController+Extension.swift */; };
		4659F38C2D387C02006D49F2 /* CountryListInteractorProtocol.swift in Sources */ = {isa = PBXBuildFile; fileRef = 4659F38B2D387C02006D49F2 /* CountryListInteractorProtocol.swift */; };
		4659F38E2D387C3D006D49F2 /* CountryListInteractor.swift in Sources */ = {isa = PBXBuildFile; fileRef = 4659F38D2D387C3D006D49F2 /* CountryListInteractor.swift */; };
		4659F3902D387C63006D49F2 /* CountryListPresenterProtocol.swift in Sources */ = {isa = PBXBuildFile; fileRef = 4659F38F2D387C63006D49F2 /* CountryListPresenterProtocol.swift */; };
		4659F3922D387C8B006D49F2 /* CountryListPresenter.swift in Sources */ = {isa = PBXBuildFile; fileRef = 4659F3912D387C8B006D49F2 /* CountryListPresenter.swift */; };
		4659F3942D387CCD006D49F2 /* CountryListViewProtocol.swift in Sources */ = {isa = PBXBuildFile; fileRef = 4659F3932D387CCD006D49F2 /* CountryListViewProtocol.swift */; };
		4659F3962D387CEA006D49F2 /* CountryListViewController.swift in Sources */ = {isa = PBXBuildFile; fileRef = 4659F3952D387CEA006D49F2 /* CountryListViewController.swift */; };
		4659F3982D387DAF006D49F2 /* CountryListRouter.swift in Sources */ = {isa = PBXBuildFile; fileRef = 4659F3972D387DAF006D49F2 /* CountryListRouter.swift */; };
		4659F39A2D3880B0006D49F2 /* CountryDetailService.swift in Sources */ = {isa = PBXBuildFile; fileRef = 4659F3992D3880B0006D49F2 /* CountryDetailService.swift */; };
		4659F39C2D3880C2006D49F2 /* CountryDetailServiceManager.swift in Sources */ = {isa = PBXBuildFile; fileRef = 4659F39B2D3880C2006D49F2 /* CountryDetailServiceManager.swift */; };
		4659F39E2D38821E006D49F2 /* CountryDetailInteractorProtocol.swift in Sources */ = {isa = PBXBuildFile; fileRef = 4659F39D2D38821E006D49F2 /* CountryDetailInteractorProtocol.swift */; };
		4659F3A02D388232006D49F2 /* CountryDetailInteractor.swift in Sources */ = {isa = PBXBuildFile; fileRef = 4659F39F2D388232006D49F2 /* CountryDetailInteractor.swift */; };
		4659F3A22D388254006D49F2 /* CountryDetailPresenterProtocol.swift in Sources */ = {isa = PBXBuildFile; fileRef = 4659F3A12D388254006D49F2 /* CountryDetailPresenterProtocol.swift */; };
		4659F3A42D38826D006D49F2 /* CountryDetailPresenter.swift in Sources */ = {isa = PBXBuildFile; fileRef = 4659F3A32D38826D006D49F2 /* CountryDetailPresenter.swift */; };
		4659F3A62D388289006D49F2 /* CountryDetailViewProtocol.swift in Sources */ = {isa = PBXBuildFile; fileRef = 4659F3A52D388289006D49F2 /* CountryDetailViewProtocol.swift */; };
		4659F3A82D3882AB006D49F2 /* CountryDetailViewController.swift in Sources */ = {isa = PBXBuildFile; fileRef = 4659F3A72D3882AB006D49F2 /* CountryDetailViewController.swift */; };
		4659F3AA2D38840F006D49F2 /* CountryDetailRouter.swift in Sources */ = {isa = PBXBuildFile; fileRef = 4659F3A92D38840F006D49F2 /* CountryDetailRouter.swift */; };
		4659F3AC2D388549006D49F2 /* CountryListServiceManager.swift in Sources */ = {isa = PBXBuildFile; fileRef = 4659F3AB2D388549006D49F2 /* CountryListServiceManager.swift */; };
		4659F3AE2D388563006D49F2 /* CountryListService.swift in Sources */ = {isa = PBXBuildFile; fileRef = 4659F3AD2D388563006D49F2 /* CountryListService.swift */; };
		4659F3B52D38E456006D49F2 /* CountryDetailRouterProtocol.swift in Sources */ = {isa = PBXBuildFile; fileRef = 4659F3B42D38E456006D49F2 /* CountryDetailRouterProtocol.swift */; };
		4659F3B72D38E68F006D49F2 /* CountryListRouterProtocol.swift in Sources */ = {isa = PBXBuildFile; fileRef = 4659F3B62D38E68F006D49F2 /* CountryListRouterProtocol.swift */; };
		4659F3B92D3971EC006D49F2 /* CountryListError.swift in Sources */ = {isa = PBXBuildFile; fileRef = 4659F3B82D3971EC006D49F2 /* CountryListError.swift */; };
		4659F3BB2D39720E006D49F2 /* CountryDetailError.swift in Sources */ = {isa = PBXBuildFile; fileRef = 4659F3BA2D39720E006D49F2 /* CountryDetailError.swift */; };
		4659F3BD2D399EE0006D49F2 /* UserDefaultsManager.swift in Sources */ = {isa = PBXBuildFile; fileRef = 4659F3BC2D399EE0006D49F2 /* UserDefaultsManager.swift */; };
/* End PBXBuildFile section */

/* Begin PBXContainerItemProxy section */
		4659F3552D386575006D49F2 /* PBXContainerItemProxy */ = {
			isa = PBXContainerItemProxy;
			containerPortal = 4659F3362D386572006D49F2 /* Project object */;
			proxyType = 1;
			remoteGlobalIDString = 4659F33D2D386572006D49F2;
			remoteInfo = CountryApp;
		};
		4659F35F2D386575006D49F2 /* PBXContainerItemProxy */ = {
			isa = PBXContainerItemProxy;
			containerPortal = 4659F3362D386572006D49F2 /* Project object */;
			proxyType = 1;
			remoteGlobalIDString = 4659F33D2D386572006D49F2;
			remoteInfo = CountryApp;
		};
/* End PBXContainerItemProxy section */

/* Begin PBXFileReference section */
		4659F33E2D386572006D49F2 /* CountryApp.app */ = {isa = PBXFileReference; explicitFileType = wrapper.application; includeInIndex = 0; path = CountryApp.app; sourceTree = BUILT_PRODUCTS_DIR; };
		4659F3412D386572006D49F2 /* AppDelegate.swift */ = {isa = PBXFileReference; lastKnownFileType = sourcecode.swift; path = AppDelegate.swift; sourceTree = "<group>"; };
		4659F3432D386572006D49F2 /* SceneDelegate.swift */ = {isa = PBXFileReference; lastKnownFileType = sourcecode.swift; path = SceneDelegate.swift; sourceTree = "<group>"; };
		4659F3452D386572006D49F2 /* ViewController.swift */ = {isa = PBXFileReference; lastKnownFileType = sourcecode.swift; path = ViewController.swift; sourceTree = "<group>"; };
		4659F34A2D386574006D49F2 /* Assets.xcassets */ = {isa = PBXFileReference; lastKnownFileType = folder.assetcatalog; path = Assets.xcassets; sourceTree = "<group>"; };
		4659F34D2D386574006D49F2 /* Base */ = {isa = PBXFileReference; lastKnownFileType = file.storyboard; name = Base; path = Base.lproj/LaunchScreen.storyboard; sourceTree = "<group>"; };
		4659F34F2D386574006D49F2 /* Info.plist */ = {isa = PBXFileReference; lastKnownFileType = text.plist.xml; path = Info.plist; sourceTree = "<group>"; };
		4659F3542D386575006D49F2 /* CountryAppTests.xctest */ = {isa = PBXFileReference; explicitFileType = wrapper.cfbundle; includeInIndex = 0; path = CountryAppTests.xctest; sourceTree = BUILT_PRODUCTS_DIR; };
		4659F3582D386575006D49F2 /* CountryAppTests.swift */ = {isa = PBXFileReference; lastKnownFileType = sourcecode.swift; path = CountryAppTests.swift; sourceTree = "<group>"; };
		4659F35E2D386575006D49F2 /* CountryAppUITests.xctest */ = {isa = PBXFileReference; explicitFileType = wrapper.cfbundle; includeInIndex = 0; path = CountryAppUITests.xctest; sourceTree = BUILT_PRODUCTS_DIR; };
		4659F3622D386575006D49F2 /* CountryAppUITests.swift */ = {isa = PBXFileReference; lastKnownFileType = sourcecode.swift; path = CountryAppUITests.swift; sourceTree = "<group>"; };
		4659F3642D386575006D49F2 /* CountryAppUITestsLaunchTests.swift */ = {isa = PBXFileReference; lastKnownFileType = sourcecode.swift; path = CountryAppUITestsLaunchTests.swift; sourceTree = "<group>"; };
		4659F3712D38660D006D49F2 /* Country.swift */ = {isa = PBXFileReference; lastKnownFileType = sourcecode.swift; path = Country.swift; sourceTree = "<group>"; };
		4659F3732D386829006D49F2 /* CountryDetail.swift */ = {isa = PBXFileReference; lastKnownFileType = sourcecode.swift; path = CountryDetail.swift; sourceTree = "<group>"; };
		4659F3752D386A9C006D49F2 /* LoadingView.swift */ = {isa = PBXFileReference; lastKnownFileType = sourcecode.swift; path = LoadingView.swift; sourceTree = "<group>"; };
		4659F3782D386AEF006D49F2 /* UIViewController+Extension.swift */ = {isa = PBXFileReference; lastKnownFileType = sourcecode.swift; path = "UIViewController+Extension.swift"; sourceTree = "<group>"; };
		4659F38B2D387C02006D49F2 /* CountryListInteractorProtocol.swift */ = {isa = PBXFileReference; lastKnownFileType = sourcecode.swift; path = CountryListInteractorProtocol.swift; sourceTree = "<group>"; };
		4659F38D2D387C3D006D49F2 /* CountryListInteractor.swift */ = {isa = PBXFileReference; lastKnownFileType = sourcecode.swift; path = CountryListInteractor.swift; sourceTree = "<group>"; };
		4659F38F2D387C63006D49F2 /* CountryListPresenterProtocol.swift */ = {isa = PBXFileReference; lastKnownFileType = sourcecode.swift; path = CountryListPresenterProtocol.swift; sourceTree = "<group>"; };
		4659F3912D387C8B006D49F2 /* CountryListPresenter.swift */ = {isa = PBXFileReference; lastKnownFileType = sourcecode.swift; path = CountryListPresenter.swift; sourceTree = "<group>"; };
		4659F3932D387CCD006D49F2 /* CountryListViewProtocol.swift */ = {isa = PBXFileReference; lastKnownFileType = sourcecode.swift; path = CountryListViewProtocol.swift; sourceTree = "<group>"; };
		4659F3952D387CEA006D49F2 /* CountryListViewController.swift */ = {isa = PBXFileReference; lastKnownFileType = sourcecode.swift; path = CountryListViewController.swift; sourceTree = "<group>"; };
		4659F3972D387DAF006D49F2 /* CountryListRouter.swift */ = {isa = PBXFileReference; lastKnownFileType = sourcecode.swift; path = CountryListRouter.swift; sourceTree = "<group>"; };
		4659F3992D3880B0006D49F2 /* CountryDetailService.swift */ = {isa = PBXFileReference; lastKnownFileType = sourcecode.swift; path = CountryDetailService.swift; sourceTree = "<group>"; };
		4659F39B2D3880C2006D49F2 /* CountryDetailServiceManager.swift */ = {isa = PBXFileReference; lastKnownFileType = sourcecode.swift; path = CountryDetailServiceManager.swift; sourceTree = "<group>"; };
		4659F39D2D38821E006D49F2 /* CountryDetailInteractorProtocol.swift */ = {isa = PBXFileReference; lastKnownFileType = sourcecode.swift; path = CountryDetailInteractorProtocol.swift; sourceTree = "<group>"; };
		4659F39F2D388232006D49F2 /* CountryDetailInteractor.swift */ = {isa = PBXFileReference; lastKnownFileType = sourcecode.swift; path = CountryDetailInteractor.swift; sourceTree = "<group>"; };
		4659F3A12D388254006D49F2 /* CountryDetailPresenterProtocol.swift */ = {isa = PBXFileReference; lastKnownFileType = sourcecode.swift; path = CountryDetailPresenterProtocol.swift; sourceTree = "<group>"; };
		4659F3A32D38826D006D49F2 /* CountryDetailPresenter.swift */ = {isa = PBXFileReference; lastKnownFileType = sourcecode.swift; path = CountryDetailPresenter.swift; sourceTree = "<group>"; };
		4659F3A52D388289006D49F2 /* CountryDetailViewProtocol.swift */ = {isa = PBXFileReference; lastKnownFileType = sourcecode.swift; path = CountryDetailViewProtocol.swift; sourceTree = "<group>"; };
		4659F3A72D3882AB006D49F2 /* CountryDetailViewController.swift */ = {isa = PBXFileReference; lastKnownFileType = sourcecode.swift; path = CountryDetailViewController.swift; sourceTree = "<group>"; };
		4659F3A92D38840F006D49F2 /* CountryDetailRouter.swift */ = {isa = PBXFileReference; lastKnownFileType = sourcecode.swift; path = CountryDetailRouter.swift; sourceTree = "<group>"; };
		4659F3AB2D388549006D49F2 /* CountryListServiceManager.swift */ = {isa = PBXFileReference; lastKnownFileType = sourcecode.swift; path = CountryListServiceManager.swift; sourceTree = "<group>"; };
		4659F3AD2D388563006D49F2 /* CountryListService.swift */ = {isa = PBXFileReference; lastKnownFileType = sourcecode.swift; path = CountryListService.swift; sourceTree = "<group>"; };
		4659F3B42D38E456006D49F2 /* CountryDetailRouterProtocol.swift */ = {isa = PBXFileReference; lastKnownFileType = sourcecode.swift; path = CountryDetailRouterProtocol.swift; sourceTree = "<group>"; };
		4659F3B62D38E68F006D49F2 /* CountryListRouterProtocol.swift */ = {isa = PBXFileReference; lastKnownFileType = sourcecode.swift; path = CountryListRouterProtocol.swift; sourceTree = "<group>"; };
		4659F3B82D3971EC006D49F2 /* CountryListError.swift */ = {isa = PBXFileReference; lastKnownFileType = sourcecode.swift; path = CountryListError.swift; sourceTree = "<group>"; };
		4659F3BA2D39720E006D49F2 /* CountryDetailError.swift */ = {isa = PBXFileReference; lastKnownFileType = sourcecode.swift; path = CountryDetailError.swift; sourceTree = "<group>"; };
		4659F3BC2D399EE0006D49F2 /* UserDefaultsManager.swift */ = {isa = PBXFileReference; lastKnownFileType = sourcecode.swift; path = UserDefaultsManager.swift; sourceTree = "<group>"; };
/* End PBXFileReference section */

/* Begin PBXFrameworksBuildPhase section */
		4659F33B2D386572006D49F2 /* Frameworks */ = {
			isa = PBXFrameworksBuildPhase;
			buildActionMask = 2147483647;
			files = (
			);
			runOnlyForDeploymentPostprocessing = 0;
		};
		4659F3512D386575006D49F2 /* Frameworks */ = {
			isa = PBXFrameworksBuildPhase;
			buildActionMask = 2147483647;
			files = (
			);
			runOnlyForDeploymentPostprocessing = 0;
		};
		4659F35B2D386575006D49F2 /* Frameworks */ = {
			isa = PBXFrameworksBuildPhase;
			buildActionMask = 2147483647;
			files = (
			);
			runOnlyForDeploymentPostprocessing = 0;
		};
/* End PBXFrameworksBuildPhase section */

/* Begin PBXGroup section */
		4659F3352D386572006D49F2 = {
			isa = PBXGroup;
			children = (
				4659F3402D386572006D49F2 /* CountryApp */,
				4659F3572D386575006D49F2 /* CountryAppTests */,
				4659F3612D386575006D49F2 /* CountryAppUITests */,
				4659F33F2D386572006D49F2 /* Products */,
			);
			sourceTree = "<group>";
		};
		4659F33F2D386572006D49F2 /* Products */ = {
			isa = PBXGroup;
			children = (
				4659F33E2D386572006D49F2 /* CountryApp.app */,
				4659F3542D386575006D49F2 /* CountryAppTests.xctest */,
				4659F35E2D386575006D49F2 /* CountryAppUITests.xctest */,
			);
			name = Products;
			sourceTree = "<group>";
		};
		4659F3402D386572006D49F2 /* CountryApp */ = {
			isa = PBXGroup;
			children = (
				4659F3AF2D388756006D49F2 /* App */,
				4659F3B02D38876E006D49F2 /* Utils */,
				4659F37B2D3879E4006D49F2 /* CountryList */,
				4659F37C2D3879F4006D49F2 /* CountryDetail */,
				4659F3772D386AC6006D49F2 /* Extension */,
				4659F3452D386572006D49F2 /* ViewController.swift */,
				4659F3B12D388793006D49F2 /* Resources */,
				4659F34F2D386574006D49F2 /* Info.plist */,
			);
			path = CountryApp;
			sourceTree = "<group>";
		};
		4659F3572D386575006D49F2 /* CountryAppTests */ = {
			isa = PBXGroup;
			children = (
				4659F3582D386575006D49F2 /* CountryAppTests.swift */,
			);
			path = CountryAppTests;
			sourceTree = "<group>";
		};
		4659F3612D386575006D49F2 /* CountryAppUITests */ = {
			isa = PBXGroup;
			children = (
				4659F3622D386575006D49F2 /* CountryAppUITests.swift */,
				4659F3642D386575006D49F2 /* CountryAppUITestsLaunchTests.swift */,
			);
			path = CountryAppUITests;
			sourceTree = "<group>";
		};
		4659F3772D386AC6006D49F2 /* Extension */ = {
			isa = PBXGroup;
			children = (
				4659F3782D386AEF006D49F2 /* UIViewController+Extension.swift */,
			);
			path = Extension;
			sourceTree = "<group>";
		};
		4659F37A2D386B18006D49F2 /* Entity */ = {
			isa = PBXGroup;
			children = (
				4659F3712D38660D006D49F2 /* Country.swift */,
				4659F3B82D3971EC006D49F2 /* CountryListError.swift */,
			);
			path = Entity;
			sourceTree = "<group>";
		};
		4659F37B2D3879E4006D49F2 /* CountryList */ = {
			isa = PBXGroup;
			children = (
				4659F3B32D38881D006D49F2 /* Service */,
				4659F3852D387AC6006D49F2 /* Router */,
				4659F37A2D386B18006D49F2 /* Entity */,
				4659F3842D387ABA006D49F2 /* Presenter */,
				4659F3832D387AB4006D49F2 /* Interactor */,
				4659F3822D387AAC006D49F2 /* View */,
			);
			path = CountryList;
			sourceTree = "<group>";
		};
		4659F37C2D3879F4006D49F2 /* CountryDetail */ = {
			isa = PBXGroup;
			children = (
				4659F3B22D388804006D49F2 /* Service */,
				4659F3812D387A1D006D49F2 /* Router */,
				4659F3802D387A15006D49F2 /* Entity */,
				4659F37F2D387A0D006D49F2 /* Presenter */,
				4659F37E2D387A06006D49F2 /* Interactor */,
				4659F37D2D3879FE006D49F2 /* View */,
			);
			path = CountryDetail;
			sourceTree = "<group>";
		};
		4659F37D2D3879FE006D49F2 /* View */ = {
			isa = PBXGroup;
			children = (
				4659F3A52D388289006D49F2 /* CountryDetailViewProtocol.swift */,
				4659F3A72D3882AB006D49F2 /* CountryDetailViewController.swift */,
			);
			path = View;
			sourceTree = "<group>";
		};
		4659F37E2D387A06006D49F2 /* Interactor */ = {
			isa = PBXGroup;
			children = (
				4659F39D2D38821E006D49F2 /* CountryDetailInteractorProtocol.swift */,
				4659F39F2D388232006D49F2 /* CountryDetailInteractor.swift */,
			);
			path = Interactor;
			sourceTree = "<group>";
		};
		4659F37F2D387A0D006D49F2 /* Presenter */ = {
			isa = PBXGroup;
			children = (
				4659F3A12D388254006D49F2 /* CountryDetailPresenterProtocol.swift */,
				4659F3A32D38826D006D49F2 /* CountryDetailPresenter.swift */,
			);
			path = Presenter;
			sourceTree = "<group>";
		};
		4659F3802D387A15006D49F2 /* Entity */ = {
			isa = PBXGroup;
			children = (
				4659F3732D386829006D49F2 /* CountryDetail.swift */,
				4659F3BA2D39720E006D49F2 /* CountryDetailError.swift */,
			);
			path = Entity;
			sourceTree = "<group>";
		};
		4659F3812D387A1D006D49F2 /* Router */ = {
			isa = PBXGroup;
			children = (
				4659F3B42D38E456006D49F2 /* CountryDetailRouterProtocol.swift */,
				4659F3A92D38840F006D49F2 /* CountryDetailRouter.swift */,
			);
			path = Router;
			sourceTree = "<group>";
		};
		4659F3822D387AAC006D49F2 /* View */ = {
			isa = PBXGroup;
			children = (
				4659F3932D387CCD006D49F2 /* CountryListViewProtocol.swift */,
				4659F3952D387CEA006D49F2 /* CountryListViewController.swift */,
			);
			path = View;
			sourceTree = "<group>";
		};
		4659F3832D387AB4006D49F2 /* Interactor */ = {
			isa = PBXGroup;
			children = (
				4659F38B2D387C02006D49F2 /* CountryListInteractorProtocol.swift */,
				4659F38D2D387C3D006D49F2 /* CountryListInteractor.swift */,
			);
			path = Interactor;
			sourceTree = "<group>";
		};
		4659F3842D387ABA006D49F2 /* Presenter */ = {
			isa = PBXGroup;
			children = (
				4659F38F2D387C63006D49F2 /* CountryListPresenterProtocol.swift */,
				4659F3912D387C8B006D49F2 /* CountryListPresenter.swift */,
			);
			path = Presenter;
			sourceTree = "<group>";
		};
		4659F3852D387AC6006D49F2 /* Router */ = {
			isa = PBXGroup;
			children = (
				4659F3B62D38E68F006D49F2 /* CountryListRouterProtocol.swift */,
				4659F3972D387DAF006D49F2 /* CountryListRouter.swift */,
			);
			path = Router;
			sourceTree = "<group>";
		};
		4659F3AF2D388756006D49F2 /* App */ = {
			isa = PBXGroup;
			children = (
				4659F3412D386572006D49F2 /* AppDelegate.swift */,
				4659F3432D386572006D49F2 /* SceneDelegate.swift */,
			);
			path = App;
			sourceTree = "<group>";
		};
		4659F3B02D38876E006D49F2 /* Utils */ = {
			isa = PBXGroup;
			children = (
				4659F3752D386A9C006D49F2 /* LoadingView.swift */,
				4659F3BC2D399EE0006D49F2 /* UserDefaultsManager.swift */,
			);
			path = Utils;
			sourceTree = "<group>";
		};
		4659F3B12D388793006D49F2 /* Resources */ = {
			isa = PBXGroup;
			children = (
				4659F34A2D386574006D49F2 /* Assets.xcassets */,
				4659F34C2D386574006D49F2 /* LaunchScreen.storyboard */,
			);
			path = Resources;
			sourceTree = "<group>";
		};
		4659F3B22D388804006D49F2 /* Service */ = {
			isa = PBXGroup;
			children = (
				4659F3992D3880B0006D49F2 /* CountryDetailService.swift */,
				4659F39B2D3880C2006D49F2 /* CountryDetailServiceManager.swift */,
			);
			path = Service;
			sourceTree = "<group>";
		};
		4659F3B32D38881D006D49F2 /* Service */ = {
			isa = PBXGroup;
			children = (
				4659F3AD2D388563006D49F2 /* CountryListService.swift */,
				4659F3AB2D388549006D49F2 /* CountryListServiceManager.swift */,
			);
			path = Service;
			sourceTree = "<group>";
		};
/* End PBXGroup section */

/* Begin PBXNativeTarget section */
		4659F33D2D386572006D49F2 /* CountryApp */ = {
			isa = PBXNativeTarget;
			buildConfigurationList = 4659F3682D386575006D49F2 /* Build configuration list for PBXNativeTarget "CountryApp" */;
			buildPhases = (
				4659F33A2D386572006D49F2 /* Sources */,
				4659F33B2D386572006D49F2 /* Frameworks */,
				4659F33C2D386572006D49F2 /* Resources */,
			);
			buildRules = (
			);
			dependencies = (
			);
			name = CountryApp;
			productName = CountryApp;
			productReference = 4659F33E2D386572006D49F2 /* CountryApp.app */;
			productType = "com.apple.product-type.application";
		};
		4659F3532D386575006D49F2 /* CountryAppTests */ = {
			isa = PBXNativeTarget;
			buildConfigurationList = 4659F36B2D386575006D49F2 /* Build configuration list for PBXNativeTarget "CountryAppTests" */;
			buildPhases = (
				4659F3502D386575006D49F2 /* Sources */,
				4659F3512D386575006D49F2 /* Frameworks */,
				4659F3522D386575006D49F2 /* Resources */,
			);
			buildRules = (
			);
			dependencies = (
				4659F3562D386575006D49F2 /* PBXTargetDependency */,
			);
			name = CountryAppTests;
			productName = CountryAppTests;
			productReference = 4659F3542D386575006D49F2 /* CountryAppTests.xctest */;
			productType = "com.apple.product-type.bundle.unit-test";
		};
		4659F35D2D386575006D49F2 /* CountryAppUITests */ = {
			isa = PBXNativeTarget;
			buildConfigurationList = 4659F36E2D386575006D49F2 /* Build configuration list for PBXNativeTarget "CountryAppUITests" */;
			buildPhases = (
				4659F35A2D386575006D49F2 /* Sources */,
				4659F35B2D386575006D49F2 /* Frameworks */,
				4659F35C2D386575006D49F2 /* Resources */,
			);
			buildRules = (
			);
			dependencies = (
				4659F3602D386575006D49F2 /* PBXTargetDependency */,
			);
			name = CountryAppUITests;
			productName = CountryAppUITests;
			productReference = 4659F35E2D386575006D49F2 /* CountryAppUITests.xctest */;
			productType = "com.apple.product-type.bundle.ui-testing";
		};
/* End PBXNativeTarget section */

/* Begin PBXProject section */
		4659F3362D386572006D49F2 /* Project object */ = {
			isa = PBXProject;
			attributes = {
				BuildIndependentTargetsInParallel = 1;
				LastSwiftUpdateCheck = 1540;
				LastUpgradeCheck = 1540;
				TargetAttributes = {
					4659F33D2D386572006D49F2 = {
						CreatedOnToolsVersion = 15.4;
					};
					4659F3532D386575006D49F2 = {
						CreatedOnToolsVersion = 15.4;
						TestTargetID = 4659F33D2D386572006D49F2;
					};
					4659F35D2D386575006D49F2 = {
						CreatedOnToolsVersion = 15.4;
						TestTargetID = 4659F33D2D386572006D49F2;
					};
				};
			};
			buildConfigurationList = 4659F3392D386572006D49F2 /* Build configuration list for PBXProject "CountryApp" */;
			compatibilityVersion = "Xcode 14.0";
			developmentRegion = en;
			hasScannedForEncodings = 0;
			knownRegions = (
				en,
				Base,
			);
			mainGroup = 4659F3352D386572006D49F2;
			productRefGroup = 4659F33F2D386572006D49F2 /* Products */;
			projectDirPath = "";
			projectRoot = "";
			targets = (
				4659F33D2D386572006D49F2 /* CountryApp */,
				4659F3532D386575006D49F2 /* CountryAppTests */,
				4659F35D2D386575006D49F2 /* CountryAppUITests */,
			);
		};
/* End PBXProject section */

/* Begin PBXResourcesBuildPhase section */
		4659F33C2D386572006D49F2 /* Resources */ = {
			isa = PBXResourcesBuildPhase;
			buildActionMask = 2147483647;
			files = (
				4659F34B2D386574006D49F2 /* Assets.xcassets in Resources */,
				4659F34E2D386574006D49F2 /* Base in Resources */,
			);
			runOnlyForDeploymentPostprocessing = 0;
		};
		4659F3522D386575006D49F2 /* Resources */ = {
			isa = PBXResourcesBuildPhase;
			buildActionMask = 2147483647;
			files = (
			);
			runOnlyForDeploymentPostprocessing = 0;
		};
		4659F35C2D386575006D49F2 /* Resources */ = {
			isa = PBXResourcesBuildPhase;
			buildActionMask = 2147483647;
			files = (
			);
			runOnlyForDeploymentPostprocessing = 0;
		};
/* End PBXResourcesBuildPhase section */

/* Begin PBXSourcesBuildPhase section */
		4659F33A2D386572006D49F2 /* Sources */ = {
			isa = PBXSourcesBuildPhase;
			buildActionMask = 2147483647;
			files = (
				4659F3742D386829006D49F2 /* CountryDetail.swift in Sources */,
				4659F3AE2D388563006D49F2 /* CountryListService.swift in Sources */,
				4659F3962D387CEA006D49F2 /* CountryListViewController.swift in Sources */,
				4659F3AC2D388549006D49F2 /* CountryListServiceManager.swift in Sources */,
				4659F3B52D38E456006D49F2 /* CountryDetailRouterProtocol.swift in Sources */,
				4659F38C2D387C02006D49F2 /* CountryListInteractorProtocol.swift in Sources */,
				4659F3982D387DAF006D49F2 /* CountryListRouter.swift in Sources */,
				4659F3B92D3971EC006D49F2 /* CountryListError.swift in Sources */,
				4659F3722D38660D006D49F2 /* Country.swift in Sources */,
				4659F3462D386572006D49F2 /* ViewController.swift in Sources */,
				4659F3A82D3882AB006D49F2 /* CountryDetailViewController.swift in Sources */,
				4659F3A02D388232006D49F2 /* CountryDetailInteractor.swift in Sources */,
				4659F39A2D3880B0006D49F2 /* CountryDetailService.swift in Sources */,
				4659F3422D386572006D49F2 /* AppDelegate.swift in Sources */,
				4659F3792D386AEF006D49F2 /* UIViewController+Extension.swift in Sources */,
				4659F3AA2D38840F006D49F2 /* CountryDetailRouter.swift in Sources */,
				4659F3442D386572006D49F2 /* SceneDelegate.swift in Sources */,
				4659F3A62D388289006D49F2 /* CountryDetailViewProtocol.swift in Sources */,
				4659F3A22D388254006D49F2 /* CountryDetailPresenterProtocol.swift in Sources */,
				4659F3762D386A9C006D49F2 /* LoadingView.swift in Sources */,
				4659F3922D387C8B006D49F2 /* CountryListPresenter.swift in Sources */,
				4659F3A42D38826D006D49F2 /* CountryDetailPresenter.swift in Sources */,
				4659F3942D387CCD006D49F2 /* CountryListViewProtocol.swift in Sources */,
				4659F3B72D38E68F006D49F2 /* CountryListRouterProtocol.swift in Sources */,
				4659F39E2D38821E006D49F2 /* CountryDetailInteractorProtocol.swift in Sources */,
				4659F38E2D387C3D006D49F2 /* CountryListInteractor.swift in Sources */,
				4659F3BD2D399EE0006D49F2 /* UserDefaultsManager.swift in Sources */,
				4659F3902D387C63006D49F2 /* CountryListPresenterProtocol.swift in Sources */,
				4659F39C2D3880C2006D49F2 /* CountryDetailServiceManager.swift in Sources */,
				4659F3BB2D39720E006D49F2 /* CountryDetailError.swift in Sources */,
			);
			runOnlyForDeploymentPostprocessing = 0;
		};
		4659F3502D386575006D49F2 /* Sources */ = {
			isa = PBXSourcesBuildPhase;
			buildActionMask = 2147483647;
			files = (
				4659F3592D386575006D49F2 /* CountryAppTests.swift in Sources */,
			);
			runOnlyForDeploymentPostprocessing = 0;
		};
		4659F35A2D386575006D49F2 /* Sources */ = {
			isa = PBXSourcesBuildPhase;
			buildActionMask = 2147483647;
			files = (
				4659F3632D386575006D49F2 /* CountryAppUITests.swift in Sources */,
				4659F3652D386575006D49F2 /* CountryAppUITestsLaunchTests.swift in Sources */,
			);
			runOnlyForDeploymentPostprocessing = 0;
		};
/* End PBXSourcesBuildPhase section */

/* Begin PBXTargetDependency section */
		4659F3562D386575006D49F2 /* PBXTargetDependency */ = {
			isa = PBXTargetDependency;
			target = 4659F33D2D386572006D49F2 /* CountryApp */;
			targetProxy = 4659F3552D386575006D49F2 /* PBXContainerItemProxy */;
		};
		4659F3602D386575006D49F2 /* PBXTargetDependency */ = {
			isa = PBXTargetDependency;
			target = 4659F33D2D386572006D49F2 /* CountryApp */;
			targetProxy = 4659F35F2D386575006D49F2 /* PBXContainerItemProxy */;
		};
/* End PBXTargetDependency section */

/* Begin PBXVariantGroup section */
		4659F34C2D386574006D49F2 /* LaunchScreen.storyboard */ = {
			isa = PBXVariantGroup;
			children = (
				4659F34D2D386574006D49F2 /* Base */,
			);
			name = LaunchScreen.storyboard;
			sourceTree = "<group>";
		};
/* End PBXVariantGroup section */

/* Begin XCBuildConfiguration section */
		4659F3662D386575006D49F2 /* Debug */ = {
			isa = XCBuildConfiguration;
			buildSettings = {
				ALWAYS_SEARCH_USER_PATHS = NO;
				ASSETCATALOG_COMPILER_GENERATE_SWIFT_ASSET_SYMBOL_EXTENSIONS = YES;
				CLANG_ANALYZER_NONNULL = YES;
				CLANG_ANALYZER_NUMBER_OBJECT_CONVERSION = YES_AGGRESSIVE;
				CLANG_CXX_LANGUAGE_STANDARD = "gnu++20";
				CLANG_ENABLE_MODULES = YES;
				CLANG_ENABLE_OBJC_ARC = YES;
				CLANG_ENABLE_OBJC_WEAK = YES;
				CLANG_WARN_BLOCK_CAPTURE_AUTORELEASING = YES;
				CLANG_WARN_BOOL_CONVERSION = YES;
				CLANG_WARN_COMMA = YES;
				CLANG_WARN_CONSTANT_CONVERSION = YES;
				CLANG_WARN_DEPRECATED_OBJC_IMPLEMENTATIONS = YES;
				CLANG_WARN_DIRECT_OBJC_ISA_USAGE = YES_ERROR;
				CLANG_WARN_DOCUMENTATION_COMMENTS = YES;
				CLANG_WARN_EMPTY_BODY = YES;
				CLANG_WARN_ENUM_CONVERSION = YES;
				CLANG_WARN_INFINITE_RECURSION = YES;
				CLANG_WARN_INT_CONVERSION = YES;
				CLANG_WARN_NON_LITERAL_NULL_CONVERSION = YES;
				CLANG_WARN_OBJC_IMPLICIT_RETAIN_SELF = YES;
				CLANG_WARN_OBJC_LITERAL_CONVERSION = YES;
				CLANG_WARN_OBJC_ROOT_CLASS = YES_ERROR;
				CLANG_WARN_QUOTED_INCLUDE_IN_FRAMEWORK_HEADER = YES;
				CLANG_WARN_RANGE_LOOP_ANALYSIS = YES;
				CLANG_WARN_STRICT_PROTOTYPES = YES;
				CLANG_WARN_SUSPICIOUS_MOVE = YES;
				CLANG_WARN_UNGUARDED_AVAILABILITY = YES_AGGRESSIVE;
				CLANG_WARN_UNREACHABLE_CODE = YES;
				CLANG_WARN__DUPLICATE_METHOD_MATCH = YES;
				COPY_PHASE_STRIP = NO;
				DEBUG_INFORMATION_FORMAT = dwarf;
				ENABLE_STRICT_OBJC_MSGSEND = YES;
				ENABLE_TESTABILITY = YES;
				ENABLE_USER_SCRIPT_SANDBOXING = YES;
				GCC_C_LANGUAGE_STANDARD = gnu17;
				GCC_DYNAMIC_NO_PIC = NO;
				GCC_NO_COMMON_BLOCKS = YES;
				GCC_OPTIMIZATION_LEVEL = 0;
				GCC_PREPROCESSOR_DEFINITIONS = (
					"DEBUG=1",
					"$(inherited)",
				);
				GCC_WARN_64_TO_32_BIT_CONVERSION = YES;
				GCC_WARN_ABOUT_RETURN_TYPE = YES_ERROR;
				GCC_WARN_UNDECLARED_SELECTOR = YES;
				GCC_WARN_UNINITIALIZED_AUTOS = YES_AGGRESSIVE;
				GCC_WARN_UNUSED_FUNCTION = YES;
				GCC_WARN_UNUSED_VARIABLE = YES;
				IPHONEOS_DEPLOYMENT_TARGET = 17.5;
				LOCALIZATION_PREFERS_STRING_CATALOGS = YES;
				MTL_ENABLE_DEBUG_INFO = INCLUDE_SOURCE;
				MTL_FAST_MATH = YES;
				ONLY_ACTIVE_ARCH = YES;
				SDKROOT = iphoneos;
				SWIFT_ACTIVE_COMPILATION_CONDITIONS = "DEBUG $(inherited)";
				SWIFT_OPTIMIZATION_LEVEL = "-Onone";
			};
			name = Debug;
		};
		4659F3672D386575006D49F2 /* Release */ = {
			isa = XCBuildConfiguration;
			buildSettings = {
				ALWAYS_SEARCH_USER_PATHS = NO;
				ASSETCATALOG_COMPILER_GENERATE_SWIFT_ASSET_SYMBOL_EXTENSIONS = YES;
				CLANG_ANALYZER_NONNULL = YES;
				CLANG_ANALYZER_NUMBER_OBJECT_CONVERSION = YES_AGGRESSIVE;
				CLANG_CXX_LANGUAGE_STANDARD = "gnu++20";
				CLANG_ENABLE_MODULES = YES;
				CLANG_ENABLE_OBJC_ARC = YES;
				CLANG_ENABLE_OBJC_WEAK = YES;
				CLANG_WARN_BLOCK_CAPTURE_AUTORELEASING = YES;
				CLANG_WARN_BOOL_CONVERSION = YES;
				CLANG_WARN_COMMA = YES;
				CLANG_WARN_CONSTANT_CONVERSION = YES;
				CLANG_WARN_DEPRECATED_OBJC_IMPLEMENTATIONS = YES;
				CLANG_WARN_DIRECT_OBJC_ISA_USAGE = YES_ERROR;
				CLANG_WARN_DOCUMENTATION_COMMENTS = YES;
				CLANG_WARN_EMPTY_BODY = YES;
				CLANG_WARN_ENUM_CONVERSION = YES;
				CLANG_WARN_INFINITE_RECURSION = YES;
				CLANG_WARN_INT_CONVERSION = YES;
				CLANG_WARN_NON_LITERAL_NULL_CONVERSION = YES;
				CLANG_WARN_OBJC_IMPLICIT_RETAIN_SELF = YES;
				CLANG_WARN_OBJC_LITERAL_CONVERSION = YES;
				CLANG_WARN_OBJC_ROOT_CLASS = YES_ERROR;
				CLANG_WARN_QUOTED_INCLUDE_IN_FRAMEWORK_HEADER = YES;
				CLANG_WARN_RANGE_LOOP_ANALYSIS = YES;
				CLANG_WARN_STRICT_PROTOTYPES = YES;
				CLANG_WARN_SUSPICIOUS_MOVE = YES;
				CLANG_WARN_UNGUARDED_AVAILABILITY = YES_AGGRESSIVE;
				CLANG_WARN_UNREACHABLE_CODE = YES;
				CLANG_WARN__DUPLICATE_METHOD_MATCH = YES;
				COPY_PHASE_STRIP = NO;
				DEBUG_INFORMATION_FORMAT = "dwarf-with-dsym";
				ENABLE_NS_ASSERTIONS = NO;
				ENABLE_STRICT_OBJC_MSGSEND = YES;
				ENABLE_USER_SCRIPT_SANDBOXING = YES;
				GCC_C_LANGUAGE_STANDARD = gnu17;
				GCC_NO_COMMON_BLOCKS = YES;
				GCC_WARN_64_TO_32_BIT_CONVERSION = YES;
				GCC_WARN_ABOUT_RETURN_TYPE = YES_ERROR;
				GCC_WARN_UNDECLARED_SELECTOR = YES;
				GCC_WARN_UNINITIALIZED_AUTOS = YES_AGGRESSIVE;
				GCC_WARN_UNUSED_FUNCTION = YES;
				GCC_WARN_UNUSED_VARIABLE = YES;
				IPHONEOS_DEPLOYMENT_TARGET = 17.5;
				LOCALIZATION_PREFERS_STRING_CATALOGS = YES;
				MTL_ENABLE_DEBUG_INFO = NO;
				MTL_FAST_MATH = YES;
				SDKROOT = iphoneos;
				SWIFT_COMPILATION_MODE = wholemodule;
				VALIDATE_PRODUCT = YES;
			};
			name = Release;
		};
		4659F3692D386575006D49F2 /* Debug */ = {
			isa = XCBuildConfiguration;
			buildSettings = {
				ASSETCATALOG_COMPILER_APPICON_NAME = AppIcon;
				ASSETCATALOG_COMPILER_GLOBAL_ACCENT_COLOR_NAME = AccentColor;
				CODE_SIGN_STYLE = Automatic;
				CURRENT_PROJECT_VERSION = 1;
				DEVELOPMENT_TEAM = P6FCYRT7JM;
				GENERATE_INFOPLIST_FILE = YES;
				INFOPLIST_FILE = CountryApp/Info.plist;
				INFOPLIST_KEY_UIApplicationSupportsIndirectInputEvents = YES;
				INFOPLIST_KEY_UILaunchStoryboardName = LaunchScreen;
				INFOPLIST_KEY_UIMainStoryboardFile = "";
				INFOPLIST_KEY_UISupportedInterfaceOrientations_iPad = "UIInterfaceOrientationPortrait UIInterfaceOrientationPortraitUpsideDown UIInterfaceOrientationLandscapeLeft UIInterfaceOrientationLandscapeRight";
				INFOPLIST_KEY_UISupportedInterfaceOrientations_iPhone = "UIInterfaceOrientationPortrait UIInterfaceOrientationLandscapeLeft UIInterfaceOrientationLandscapeRight";
				LD_RUNPATH_SEARCH_PATHS = (
					"$(inherited)",
					"@executable_path/Frameworks",
				);
				MARKETING_VERSION = 1.0;
				PRODUCT_BUNDLE_IDENTIFIER = com.rapser.CountryApp;
				PRODUCT_NAME = "$(TARGET_NAME)";
				SWIFT_EMIT_LOC_STRINGS = YES;
				SWIFT_VERSION = 5.0;
				TARGETED_DEVICE_FAMILY = "1,2";
			};
			name = Debug;
		};
		4659F36A2D386575006D49F2 /* Release */ = {
			isa = XCBuildConfiguration;
			buildSettings = {
				ASSETCATALOG_COMPILER_APPICON_NAME = AppIcon;
				ASSETCATALOG_COMPILER_GLOBAL_ACCENT_COLOR_NAME = AccentColor;
				CODE_SIGN_STYLE = Automatic;
				CURRENT_PROJECT_VERSION = 1;
				DEVELOPMENT_TEAM = P6FCYRT7JM;
				GENERATE_INFOPLIST_FILE = YES;
				INFOPLIST_FILE = CountryApp/Info.plist;
				INFOPLIST_KEY_UIApplicationSupportsIndirectInputEvents = YES;
				INFOPLIST_KEY_UILaunchStoryboardName = LaunchScreen;
				INFOPLIST_KEY_UIMainStoryboardFile = "";
				INFOPLIST_KEY_UISupportedInterfaceOrientations_iPad = "UIInterfaceOrientationPortrait UIInterfaceOrientationPortraitUpsideDown UIInterfaceOrientationLandscapeLeft UIInterfaceOrientationLandscapeRight";
				INFOPLIST_KEY_UISupportedInterfaceOrientations_iPhone = "UIInterfaceOrientationPortrait UIInterfaceOrientationLandscapeLeft UIInterfaceOrientationLandscapeRight";
				LD_RUNPATH_SEARCH_PATHS = (
					"$(inherited)",
					"@executable_path/Frameworks",
				);
				MARKETING_VERSION = 1.0;
				PRODUCT_BUNDLE_IDENTIFIER = com.rapser.CountryApp;
				PRODUCT_NAME = "$(TARGET_NAME)";
				SWIFT_EMIT_LOC_STRINGS = YES;
				SWIFT_VERSION = 5.0;
				TARGETED_DEVICE_FAMILY = "1,2";
			};
			name = Release;
		};
		4659F36C2D386575006D49F2 /* Debug */ = {
			isa = XCBuildConfiguration;
			buildSettings = {
				ALWAYS_EMBED_SWIFT_STANDARD_LIBRARIES = YES;
				BUNDLE_LOADER = "$(TEST_HOST)";
				CODE_SIGN_STYLE = Automatic;
				CURRENT_PROJECT_VERSION = 1;
				DEVELOPMENT_TEAM = P6FCYRT7JM;
				GENERATE_INFOPLIST_FILE = YES;
				IPHONEOS_DEPLOYMENT_TARGET = 17.5;
				MARKETING_VERSION = 1.0;
				PRODUCT_BUNDLE_IDENTIFIER = com.rapser.CountryAppTests;
				PRODUCT_NAME = "$(TARGET_NAME)";
				SWIFT_EMIT_LOC_STRINGS = NO;
				SWIFT_VERSION = 5.0;
				TARGETED_DEVICE_FAMILY = "1,2";
				TEST_HOST = "$(BUILT_PRODUCTS_DIR)/CountryApp.app/$(BUNDLE_EXECUTABLE_FOLDER_PATH)/CountryApp";
			};
			name = Debug;
		};
		4659F36D2D386575006D49F2 /* Release */ = {
			isa = XCBuildConfiguration;
			buildSettings = {
				ALWAYS_EMBED_SWIFT_STANDARD_LIBRARIES = YES;
				BUNDLE_LOADER = "$(TEST_HOST)";
				CODE_SIGN_STYLE = Automatic;
				CURRENT_PROJECT_VERSION = 1;
				DEVELOPMENT_TEAM = P6FCYRT7JM;
				GENERATE_INFOPLIST_FILE = YES;
				IPHONEOS_DEPLOYMENT_TARGET = 17.5;
				MARKETING_VERSION = 1.0;
				PRODUCT_BUNDLE_IDENTIFIER = com.rapser.CountryAppTests;
				PRODUCT_NAME = "$(TARGET_NAME)";
				SWIFT_EMIT_LOC_STRINGS = NO;
				SWIFT_VERSION = 5.0;
				TARGETED_DEVICE_FAMILY = "1,2";
				TEST_HOST = "$(BUILT_PRODUCTS_DIR)/CountryApp.app/$(BUNDLE_EXECUTABLE_FOLDER_PATH)/CountryApp";
			};
			name = Release;
		};
		4659F36F2D386575006D49F2 /* Debug */ = {
			isa = XCBuildConfiguration;
			buildSettings = {
				ALWAYS_EMBED_SWIFT_STANDARD_LIBRARIES = YES;
				CODE_SIGN_STYLE = Automatic;
				CURRENT_PROJECT_VERSION = 1;
				DEVELOPMENT_TEAM = P6FCYRT7JM;
				GENERATE_INFOPLIST_FILE = YES;
				MARKETING_VERSION = 1.0;
				PRODUCT_BUNDLE_IDENTIFIER = com.rapser.CountryAppUITests;
				PRODUCT_NAME = "$(TARGET_NAME)";
				SWIFT_EMIT_LOC_STRINGS = NO;
				SWIFT_VERSION = 5.0;
				TARGETED_DEVICE_FAMILY = "1,2";
				TEST_TARGET_NAME = CountryApp;
			};
			name = Debug;
		};
		4659F3702D386575006D49F2 /* Release */ = {
			isa = XCBuildConfiguration;
			buildSettings = {
				ALWAYS_EMBED_SWIFT_STANDARD_LIBRARIES = YES;
				CODE_SIGN_STYLE = Automatic;
				CURRENT_PROJECT_VERSION = 1;
				DEVELOPMENT_TEAM = P6FCYRT7JM;
				GENERATE_INFOPLIST_FILE = YES;
				MARKETING_VERSION = 1.0;
				PRODUCT_BUNDLE_IDENTIFIER = com.rapser.CountryAppUITests;
				PRODUCT_NAME = "$(TARGET_NAME)";
				SWIFT_EMIT_LOC_STRINGS = NO;
				SWIFT_VERSION = 5.0;
				TARGETED_DEVICE_FAMILY = "1,2";
				TEST_TARGET_NAME = CountryApp;
			};
			name = Release;
		};
/* End XCBuildConfiguration section */

/* Begin XCConfigurationList section */
		4659F3392D386572006D49F2 /* Build configuration list for PBXProject "CountryApp" */ = {
			isa = XCConfigurationList;
			buildConfigurations = (
				4659F3662D386575006D49F2 /* Debug */,
				4659F3672D386575006D49F2 /* Release */,
			);
			defaultConfigurationIsVisible = 0;
			defaultConfigurationName = Release;
		};
		4659F3682D386575006D49F2 /* Build configuration list for PBXNativeTarget "CountryApp" */ = {
			isa = XCConfigurationList;
			buildConfigurations = (
				4659F3692D386575006D49F2 /* Debug */,
				4659F36A2D386575006D49F2 /* Release */,
			);
			defaultConfigurationIsVisible = 0;
			defaultConfigurationName = Release;
		};
		4659F36B2D386575006D49F2 /* Build configuration list for PBXNativeTarget "CountryAppTests" */ = {
			isa = XCConfigurationList;
			buildConfigurations = (
				4659F36C2D386575006D49F2 /* Debug */,
				4659F36D2D386575006D49F2 /* Release */,
			);
			defaultConfigurationIsVisible = 0;
			defaultConfigurationName = Release;
		};
		4659F36E2D386575006D49F2 /* Build configuration list for PBXNativeTarget "CountryAppUITests" */ = {
			isa = XCConfigurationList;
			buildConfigurations = (
				4659F36F2D386575006D49F2 /* Debug */,
				4659F3702D386575006D49F2 /* Release */,
			);
			defaultConfigurationIsVisible = 0;
			defaultConfigurationName = Release;
		};
/* End XCConfigurationList section */
	};
	rootObject = 4659F3362D386572006D49F2 /* Project object */;
}
